{
  "originHash" : "1424177d85594e590dea6c07dbe6bb15ff2dacebfb663f921e9bf2a49916843c",
  "pins" : [
    {
      "identity" : "binarycodable",
      "kind" : "remoteSourceControl",
      "location" : "https://github.com/christophhagen/BinaryCodable",
      "state" : {
        "revision" : "53f057050f3c78a1997ed0218337fd92d2eba2b5",
        "version" : "3.1.1"
      }
    },
    {
      "identity" : "swift-argument-parser",
      "kind" : "remoteSourceControl",
      "location" : "https://github.com/apple/swift-argument-parser",
      "state" : {
        "revision" : "cdd0ef3755280949551dc26dee5de9ddeda89f54",
        "version" : "1.6.2"
      }
    },
    {
      "identity" : "swift-nonempty",
      "kind" : "remoteSourceControl",
      "location" : "https://github.com/pointfreeco/swift-nonempty.git",
      "state" : {
        "revision" : "1fd3f067ebc3900d200aa7e977fdb614cc5533bc",
        "version" : "0.5.0"
      }
    },
    {
      "identity" : "swift-syntax",
      "kind" : "remoteSourceControl",
      "location" : "https://github.com/swiftlang/swift-syntax",
      "state" : {
        "revision" : "0687f71944021d616d34d922343dcef086855920",
        "version" : "600.0.1"
      }
    },
    {
      "identity" : "swiftgodot",
      "kind" : "remoteSourceControl",
      "location" : "https://github.com/migueldeicaza/SwiftGodot",
      "state" : {
        "branch" : "main",
        "revision" : "17f47cb5e611d480898e46e29d6bb603e0b4aa61"
      }
    },
    {
      "identity" : "vw3networkmodels",
      "kind" : "remoteSourceControl",
      "location" : "https://github.com/Lopdo/VW3NetworkModels",
      "state" : {
        "revision" : "21b62178be2833469258065802bb2444dd618386",
        "version" : "0.0.21"
      }
    }
  ],
  "version" : 3
}
