{
  "originHash" : "e06631987fccb999c0fa0e83bf485c5029c66002ab7af66f7091ca4d56dea55e",
  "pins" : [
    {
      "identity" : "binarycodable",
      "kind" : "remoteSourceControl",
      "location" : "https://github.com/christophhagen/BinaryCodable",
      "state" : {
        "revision" : "c2ef4834bf038a998c36301d910a8525de5e12b1",
        "version" : "3.2.0"
      }
    },
    {
      "identity" : "swift-argument-parser",
      "kind" : "remoteSourceControl",
      "location" : "https://github.com/apple/swift-argument-parser",
      "state" : {
        "revision" : "626b5b7b2f45e1b0b1c6f4a309296d1d21d7311b",
        "version" : "1.7.1"
      }
    },
    {
      "identity" : "swift-nonempty",
      "kind" : "remoteSourceControl",
      "location" : "https://github.com/pointfreeco/swift-nonempty.git",
      "state" : {
        "revision" : "1fd3f067ebc3900d200aa7e977fdb614cc5533bc",
        "version" : "0.5.0"
      }
    },
    {
      "identity" : "swift-syntax",
      "kind" : "remoteSourceControl",
      "location" : "https://github.com/swiftlang/swift-syntax",
      "state" : {
        "revision" : "0687f71944021d616d34d922343dcef086855920",
        "version" : "600.0.1"
      }
    },
    {
      "identity" : "swiftgodot",
      "kind" : "remoteSourceControl",
      "location" : "https://github.com/migueldeicaza/SwiftGodot",
      "state" : {
        "branch" : "main",
        "revision" : "ead7bffc9546c1740678a36096282e1a811b7da6"
      }
    }
  ],
  "version" : 3
}
